// !$*UTF8*$!
{
	archiveVersion = 1;
	classes = {
	};
	objectVersion = 48;
	objects = {

/* Begin PBXBuildFile section */
		5B1B78BA1FADC6F800019BE4 /* TitlesViewController.swift in Sources */ = {isa = PBXBuildFile; fileRef = 5B1B78B91FADC6F800019BE4 /* TitlesViewController.swift */; };
		5B1B78BC1FADC98400019BE4 /* Title.swift in Sources */ = {isa = PBXBuildFile; fileRef = 5B1B78BB1FADC98400019BE4 /* Title.swift */; };
		5B1B78BE1FADD4F200019BE4 /* VideoViewController.swift in Sources */ = {isa = PBXBuildFile; fileRef = 5B1B78BD1FADD4F200019BE4 /* VideoViewController.swift */; };
		5B1B78C21FADE98400019BE4 /* AVKit.framework in Frameworks */ = {isa = PBXBuildFile; fileRef = 5B1B78C01FADE98400019BE4 /* AVKit.framework */; };
		5B1B78C31FADE98400019BE4 /* AVFoundation.framework in Frameworks */ = {isa = PBXBuildFile; fileRef = 5B1B78C11FADE98400019BE4 /* AVFoundation.framework */; };
		5BF184BA1FAD8F4300F50B15 /* HomeViewController.swift in Sources */ = {isa = PBXBuildFile; fileRef = 5BF184B91FAD8F4300F50B15 /* HomeViewController.swift */; };
		5BF184BD1FAD94B600F50B15 /* LessonsViewController.swift in Sources */ = {isa = PBXBuildFile; fileRef = 5BF184BC1FAD94B600F50B15 /* LessonsViewController.swift */; };
		5BF184BF1FAD94D600F50B15 /* FriendsViewController.swift in Sources */ = {isa = PBXBuildFile; fileRef = 5BF184BE1FAD94D600F50B15 /* FriendsViewController.swift */; };
		5BF184C11FAD94E500F50B15 /* ProfileViewController.swift in Sources */ = {isa = PBXBuildFile; fileRef = 5BF184C01FAD94E500F50B15 /* ProfileViewController.swift */; };
		5BF184C31FAD953D00F50B15 /* GameViewController.swift in Sources */ = {isa = PBXBuildFile; fileRef = 5BF184C21FAD953D00F50B15 /* GameViewController.swift */; };
		5BF184C51FAD9AB700F50B15 /* LessonsTableViewCell.swift in Sources */ = {isa = PBXBuildFile; fileRef = 5BF184C41FAD9AB700F50B15 /* LessonsTableViewCell.swift */; };
		5BF184C81FAD9EF000F50B15 /* Lessons.swift in Sources */ = {isa = PBXBuildFile; fileRef = 5BF184C71FAD9EF000F50B15 /* Lessons.swift */; };
		5BF184CA1FADB15B00F50B15 /* FriendsTableViewCell.swift in Sources */ = {isa = PBXBuildFile; fileRef = 5BF184C91FADB15B00F50B15 /* FriendsTableViewCell.swift */; };
		794DFD571FAD688A00390DDC /* AppDelegate.swift in Sources */ = {isa = PBXBuildFile; fileRef = 794DFD561FAD688A00390DDC /* AppDelegate.swift */; };
		794DFD5C1FAD688A00390DDC /* Main.storyboard in Resources */ = {isa = PBXBuildFile; fileRef = 794DFD5A1FAD688A00390DDC /* Main.storyboard */; };
		794DFD5E1FAD688A00390DDC /* Assets.xcassets in Resources */ = {isa = PBXBuildFile; fileRef = 794DFD5D1FAD688A00390DDC /* Assets.xcassets */; };
		794DFD611FAD688A00390DDC /* LaunchScreen.storyboard in Resources */ = {isa = PBXBuildFile; fileRef = 794DFD5F1FAD688A00390DDC /* LaunchScreen.storyboard */; };
		794DFD691FADB78500390DDC /* friends.swift in Sources */ = {isa = PBXBuildFile; fileRef = 794DFD681FADB78500390DDC /* friends.swift */; };
/* End PBXBuildFile section */

/* Begin PBXFileReference section */
		5B1B78B91FADC6F800019BE4 /* TitlesViewController.swift */ = {isa = PBXFileReference; lastKnownFileType = sourcecode.swift; path = TitlesViewController.swift; sourceTree = "<group>"; };
		5B1B78BB1FADC98400019BE4 /* Title.swift */ = {isa = PBXFileReference; lastKnownFileType = sourcecode.swift; path = Title.swift; sourceTree = "<group>"; };
		5B1B78BD1FADD4F200019BE4 /* VideoViewController.swift */ = {isa = PBXFileReference; lastKnownFileType = sourcecode.swift; path = VideoViewController.swift; sourceTree = "<group>"; };
		5B1B78C01FADE98400019BE4 /* AVKit.framework */ = {isa = PBXFileReference; lastKnownFileType = wrapper.framework; name = AVKit.framework; path = System/Library/Frameworks/AVKit.framework; sourceTree = SDKROOT; };
		5B1B78C11FADE98400019BE4 /* AVFoundation.framework */ = {isa = PBXFileReference; lastKnownFileType = wrapper.framework; name = AVFoundation.framework; path = System/Library/Frameworks/AVFoundation.framework; sourceTree = SDKROOT; };
		5B1B78C61FADF61B00019BE4 /* Test.mp4 */ = {isa = PBXFileReference; lastKnownFileType = file; path = Test.mp4; sourceTree = "<group>"; };
		5BF184B91FAD8F4300F50B15 /* HomeViewController.swift */ = {isa = PBXFileReference; lastKnownFileType = sourcecode.swift; path = HomeViewController.swift; sourceTree = "<group>"; };
		5BF184BC1FAD94B600F50B15 /* LessonsViewController.swift */ = {isa = PBXFileReference; lastKnownFileType = sourcecode.swift; path = LessonsViewController.swift; sourceTree = "<group>"; };
		5BF184BE1FAD94D600F50B15 /* FriendsViewController.swift */ = {isa = PBXFileReference; lastKnownFileType = sourcecode.swift; path = FriendsViewController.swift; sourceTree = "<group>"; };
		5BF184C01FAD94E500F50B15 /* ProfileViewController.swift */ = {isa = PBXFileReference; lastKnownFileType = sourcecode.swift; path = ProfileViewController.swift; sourceTree = "<group>"; };
		5BF184C21FAD953D00F50B15 /* GameViewController.swift */ = {isa = PBXFileReference; lastKnownFileType = sourcecode.swift; path = GameViewController.swift; sourceTree = "<group>"; };
		5BF184C41FAD9AB700F50B15 /* LessonsTableViewCell.swift */ = {isa = PBXFileReference; lastKnownFileType = sourcecode.swift; path = LessonsTableViewCell.swift; sourceTree = "<group>"; };
		5BF184C71FAD9EF000F50B15 /* Lessons.swift */ = {isa = PBXFileReference; lastKnownFileType = sourcecode.swift; path = Lessons.swift; sourceTree = "<group>"; };
		5BF184C91FADB15B00F50B15 /* FriendsTableViewCell.swift */ = {isa = PBXFileReference; lastKnownFileType = sourcecode.swift; path = FriendsTableViewCell.swift; sourceTree = "<group>"; };
		794DFD531FAD688A00390DDC /* Hackathon.app */ = {isa = PBXFileReference; explicitFileType = wrapper.application; includeInIndex = 0; path = Hackathon.app; sourceTree = BUILT_PRODUCTS_DIR; };
		794DFD561FAD688A00390DDC /* AppDelegate.swift */ = {isa = PBXFileReference; lastKnownFileType = sourcecode.swift; path = AppDelegate.swift; sourceTree = "<group>"; };
		794DFD5B1FAD688A00390DDC /* Base */ = {isa = PBXFileReference; lastKnownFileType = file.storyboard; name = Base; path = Base.lproj/Main.storyboard; sourceTree = "<group>"; };
		794DFD5D1FAD688A00390DDC /* Assets.xcassets */ = {isa = PBXFileReference; lastKnownFileType = folder.assetcatalog; path = Assets.xcassets; sourceTree = "<group>"; };
		794DFD601FAD688A00390DDC /* Base */ = {isa = PBXFileReference; lastKnownFileType = file.storyboard; name = Base; path = Base.lproj/LaunchScreen.storyboard; sourceTree = "<group>"; };
		794DFD621FAD688A00390DDC /* Info.plist */ = {isa = PBXFileReference; lastKnownFileType = text.plist.xml; path = Info.plist; sourceTree = "<group>"; };
		794DFD681FADB78500390DDC /* friends.swift */ = {isa = PBXFileReference; lastKnownFileType = sourcecode.swift; path = friends.swift; sourceTree = "<group>"; };
/* End PBXFileReference section */

/* Begin PBXFrameworksBuildPhase section */
		794DFD501FAD688A00390DDC /* Frameworks */ = {
			isa = PBXFrameworksBuildPhase;
			buildActionMask = 2147483647;
			files = (
				5B1B78C21FADE98400019BE4 /* AVKit.framework in Frameworks */,
				5B1B78C31FADE98400019BE4 /* AVFoundation.framework in Frameworks */,
			);
			runOnlyForDeploymentPostprocessing = 0;
		};
/* End PBXFrameworksBuildPhase section */

/* Begin PBXGroup section */
		5B1B78BF1FADE98400019BE4 /* Frameworks */ = {
			isa = PBXGroup;
			children = (
				5B1B78C11FADE98400019BE4 /* AVFoundation.framework */,
				5B1B78C01FADE98400019BE4 /* AVKit.framework */,
			);
			name = Frameworks;
			sourceTree = "<group>";
		};
		5B1B78C51FADF42000019BE4 /* Videos */ = {
			isa = PBXGroup;
			children = (
				5B1B78C61FADF61B00019BE4 /* Test.mp4 */,
			);
			path = Videos;
			sourceTree = "<group>";
		};
		5BF184BB1FAD8F4B00F50B15 /* ViewControllers */ = {
			isa = PBXGroup;
			children = (
				5BF184B91FAD8F4300F50B15 /* HomeViewController.swift */,
				5BF184BC1FAD94B600F50B15 /* LessonsViewController.swift */,
				5BF184BE1FAD94D600F50B15 /* FriendsViewController.swift */,
				5BF184C01FAD94E500F50B15 /* ProfileViewController.swift */,
				5BF184C21FAD953D00F50B15 /* GameViewController.swift */,
				5BF184C41FAD9AB700F50B15 /* LessonsTableViewCell.swift */,
				5BF184C91FADB15B00F50B15 /* FriendsTableViewCell.swift */,
				5B1B78B91FADC6F800019BE4 /* TitlesViewController.swift */,
				5B1B78BD1FADD4F200019BE4 /* VideoViewController.swift */,
			);
			path = ViewControllers;
			sourceTree = "<group>";
		};
		5BF184C61FAD9E9000F50B15 /* Model */ = {
			isa = PBXGroup;
			children = (
				5BF184C71FAD9EF000F50B15 /* Lessons.swift */,
				794DFD681FADB78500390DDC /* friends.swift */,
				5B1B78BB1FADC98400019BE4 /* Title.swift */,
			);
			path = Model;
			sourceTree = "<group>";
		};
		794DFD4A1FAD688A00390DDC = {
			isa = PBXGroup;
			children = (
				794DFD551FAD688A00390DDC /* Hackathon */,
				794DFD541FAD688A00390DDC /* Products */,
				5B1B78BF1FADE98400019BE4 /* Frameworks */,
			);
			sourceTree = "<group>";
		};
		794DFD541FAD688A00390DDC /* Products */ = {
			isa = PBXGroup;
			children = (
				794DFD531FAD688A00390DDC /* Hackathon.app */,
			);
			name = Products;
			sourceTree = "<group>";
		};
		794DFD551FAD688A00390DDC /* Hackathon */ = {
			isa = PBXGroup;
			children = (
				5BF184C61FAD9E9000F50B15 /* Model */,
				5BF184BB1FAD8F4B00F50B15 /* ViewControllers */,
				794DFD561FAD688A00390DDC /* AppDelegate.swift */,
				794DFD5A1FAD688A00390DDC /* Main.storyboard */,
				794DFD5D1FAD688A00390DDC /* Assets.xcassets */,
				794DFD5F1FAD688A00390DDC /* LaunchScreen.storyboard */,
				5B1B78C51FADF42000019BE4 /* Videos */,
				794DFD621FAD688A00390DDC /* Info.plist */,
			);
			path = Hackathon;
			sourceTree = "<group>";
		};
/* End PBXGroup section */

/* Begin PBXNativeTarget section */
		794DFD521FAD688A00390DDC /* Hackathon */ = {
			isa = PBXNativeTarget;
			buildConfigurationList = 794DFD651FAD688A00390DDC /* Build configuration list for PBXNativeTarget "Hackathon" */;
			buildPhases = (
				794DFD4F1FAD688A00390DDC /* Sources */,
				794DFD501FAD688A00390DDC /* Frameworks */,
				794DFD511FAD688A00390DDC /* Resources */,
			);
			buildRules = (
			);
			dependencies = (
			);
			name = Hackathon;
			productName = Hackathon;
			productReference = 794DFD531FAD688A00390DDC /* Hackathon.app */;
			productType = "com.apple.product-type.application";
		};
/* End PBXNativeTarget section */

/* Begin PBXProject section */
		794DFD4B1FAD688A00390DDC /* Project object */ = {
			isa = PBXProject;
			attributes = {
				LastSwiftUpdateCheck = 0900;
				LastUpgradeCheck = 0900;
				ORGANIZATIONNAME = "Segundo Fariña";
				TargetAttributes = {
					794DFD521FAD688A00390DDC = {
						CreatedOnToolsVersion = 9.0.1;
						ProvisioningStyle = Automatic;
					};
				};
			};
			buildConfigurationList = 794DFD4E1FAD688A00390DDC /* Build configuration list for PBXProject "Hackathon" */;
			compatibilityVersion = "Xcode 8.0";
			developmentRegion = en;
			hasScannedForEncodings = 0;
			knownRegions = (
				en,
				Base,
			);
			mainGroup = 794DFD4A1FAD688A00390DDC;
			productRefGroup = 794DFD541FAD688A00390DDC /* Products */;
			projectDirPath = "";
			projectRoot = "";
			targets = (
				794DFD521FAD688A00390DDC /* Hackathon */,
			);
		};
/* End PBXProject section */

/* Begin PBXResourcesBuildPhase section */
		794DFD511FAD688A00390DDC /* Resources */ = {
			isa = PBXResourcesBuildPhase;
			buildActionMask = 2147483647;
			files = (
				794DFD611FAD688A00390DDC /* LaunchScreen.storyboard in Resources */,
				794DFD5E1FAD688A00390DDC /* Assets.xcassets in Resources */,
				794DFD5C1FAD688A00390DDC /* Main.storyboard in Resources */,
			);
			runOnlyForDeploymentPostprocessing = 0;
		};
/* End PBXResourcesBuildPhase section */

/* Begin PBXSourcesBuildPhase section */
		794DFD4F1FAD688A00390DDC /* Sources */ = {
			isa = PBXSourcesBuildPhase;
			buildActionMask = 2147483647;
			files = (
				5B1B78BC1FADC98400019BE4 /* Title.swift in Sources */,
				5BF184CA1FADB15B00F50B15 /* FriendsTableViewCell.swift in Sources */,
				5BF184C51FAD9AB700F50B15 /* LessonsTableViewCell.swift in Sources */,
				5BF184BF1FAD94D600F50B15 /* FriendsViewController.swift in Sources */,
				5BF184BD1FAD94B600F50B15 /* LessonsViewController.swift in Sources */,
				5B1B78BE1FADD4F200019BE4 /* VideoViewController.swift in Sources */,
				5BF184C11FAD94E500F50B15 /* ProfileViewController.swift in Sources */,
				794DFD571FAD688A00390DDC /* AppDelegate.swift in Sources */,
				5BF184C31FAD953D00F50B15 /* GameViewController.swift in Sources */,
				5BF184BA1FAD8F4300F50B15 /* HomeViewController.swift in Sources */,
				5BF184C81FAD9EF000F50B15 /* Lessons.swift in Sources */,
				794DFD691FADB78500390DDC /* friends.swift in Sources */,
				5B1B78BA1FADC6F800019BE4 /* TitlesViewController.swift in Sources */,
			);
			runOnlyForDeploymentPostprocessing = 0;
		};
/* End PBXSourcesBuildPhase section */

/* Begin PBXVariantGroup section */
		794DFD5A1FAD688A00390DDC /* Main.storyboard */ = {
			isa = PBXVariantGroup;
			children = (
				794DFD5B1FAD688A00390DDC /* Base */,
			);
			name = Main.storyboard;
			sourceTree = "<group>";
		};
		794DFD5F1FAD688A00390DDC /* LaunchScreen.storyboard */ = {
			isa = PBXVariantGroup;
			children = (
				794DFD601FAD688A00390DDC /* Base */,
			);
			name = LaunchScreen.storyboard;
			sourceTree = "<group>";
		};
/* End PBXVariantGroup section */

/* Begin XCBuildConfiguration section */
		794DFD631FAD688A00390DDC /* Debug */ = {
			isa = XCBuildConfiguration;
			buildSettings = {
				ALWAYS_SEARCH_USER_PATHS = NO;
				CLANG_ANALYZER_NONNULL = YES;
				CLANG_ANALYZER_NUMBER_OBJECT_CONVERSION = YES_AGGRESSIVE;
				CLANG_CXX_LANGUAGE_STANDARD = "gnu++14";
				CLANG_CXX_LIBRARY = "libc++";
				CLANG_ENABLE_MODULES = YES;
				CLANG_ENABLE_OBJC_ARC = YES;
				CLANG_WARN_BLOCK_CAPTURE_AUTORELEASING = YES;
				CLANG_WARN_BOOL_CONVERSION = YES;
				CLANG_WARN_COMMA = YES;
				CLANG_WARN_CONSTANT_CONVERSION = YES;
				CLANG_WARN_DIRECT_OBJC_ISA_USAGE = YES_ERROR;
				CLANG_WARN_DOCUMENTATION_COMMENTS = YES;
				CLANG_WARN_EMPTY_BODY = YES;
				CLANG_WARN_ENUM_CONVERSION = YES;
				CLANG_WARN_INFINITE_RECURSION = YES;
				CLANG_WARN_INT_CONVERSION = YES;
				CLANG_WARN_NON_LITERAL_NULL_CONVERSION = YES;
				CLANG_WARN_OBJC_LITERAL_CONVERSION = YES;
				CLANG_WARN_OBJC_ROOT_CLASS = YES_ERROR;
				CLANG_WARN_RANGE_LOOP_ANALYSIS = YES;
				CLANG_WARN_STRICT_PROTOTYPES = YES;
				CLANG_WARN_SUSPICIOUS_MOVE = YES;
				CLANG_WARN_UNGUARDED_AVAILABILITY = YES_AGGRESSIVE;
				CLANG_WARN_UNREACHABLE_CODE = YES;
				CLANG_WARN__DUPLICATE_METHOD_MATCH = YES;
				CODE_SIGN_IDENTITY = "iPhone Developer";
				COPY_PHASE_STRIP = NO;
				DEBUG_INFORMATION_FORMAT = dwarf;
				ENABLE_STRICT_OBJC_MSGSEND = YES;
				ENABLE_TESTABILITY = YES;
				GCC_C_LANGUAGE_STANDARD = gnu11;
				GCC_DYNAMIC_NO_PIC = NO;
				GCC_NO_COMMON_BLOCKS = YES;
				GCC_OPTIMIZATION_LEVEL = 0;
				GCC_PREPROCESSOR_DEFINITIONS = (
					"DEBUG=1",
					"$(inherited)",
				);
				GCC_WARN_64_TO_32_BIT_CONVERSION = YES;
				GCC_WARN_ABOUT_RETURN_TYPE = YES_ERROR;
				GCC_WARN_UNDECLARED_SELECTOR = YES;
				GCC_WARN_UNINITIALIZED_AUTOS = YES_AGGRESSIVE;
				GCC_WARN_UNUSED_FUNCTION = YES;
				GCC_WARN_UNUSED_VARIABLE = YES;
				IPHONEOS_DEPLOYMENT_TARGET = 11.0;
				MTL_ENABLE_DEBUG_INFO = YES;
				ONLY_ACTIVE_ARCH = YES;
				SDKROOT = iphoneos;
				SWIFT_ACTIVE_COMPILATION_CONDITIONS = DEBUG;
				SWIFT_OPTIMIZATION_LEVEL = "-Onone";
			};
			name = Debug;
		};
		794DFD641FAD688A00390DDC /* Release */ = {
			isa = XCBuildConfiguration;
			buildSettings = {
				ALWAYS_SEARCH_USER_PATHS = NO;
				CLANG_ANALYZER_NONNULL = YES;
				CLANG_ANALYZER_NUMBER_OBJECT_CONVERSION = YES_AGGRESSIVE;
				CLANG_CXX_LANGUAGE_STANDARD = "gnu++14";
				CLANG_CXX_LIBRARY = "libc++";
				CLANG_ENABLE_MODULES = YES;
				CLANG_ENABLE_OBJC_ARC = YES;
				CLANG_WARN_BLOCK_CAPTURE_AUTORELEASING = YES;
				CLANG_WARN_BOOL_CONVERSION = YES;
				CLANG_WARN_COMMA = YES;
				CLANG_WARN_CONSTANT_CONVERSION = YES;
				CLANG_WARN_DIRECT_OBJC_ISA_USAGE = YES_ERROR;
				CLANG_WARN_DOCUMENTATION_COMMENTS = YES;
				CLANG_WARN_EMPTY_BODY = YES;
				CLANG_WARN_ENUM_CONVERSION = YES;
				CLANG_WARN_INFINITE_RECURSION = YES;
				CLANG_WARN_INT_CONVERSION = YES;
				CLANG_WARN_NON_LITERAL_NULL_CONVERSION = YES;
				CLANG_WARN_OBJC_LITERAL_CONVERSION = YES;
				CLANG_WARN_OBJC_ROOT_CLASS = YES_ERROR;
				CLANG_WARN_RANGE_LOOP_ANALYSIS = YES;
				CLANG_WARN_STRICT_PROTOTYPES = YES;
				CLANG_WARN_SUSPICIOUS_MOVE = YES;
				CLANG_WARN_UNGUARDED_AVAILABILITY = YES_AGGRESSIVE;
				CLANG_WARN_UNREACHABLE_CODE = YES;
				CLANG_WARN__DUPLICATE_METHOD_MATCH = YES;
				CODE_SIGN_IDENTITY = "iPhone Developer";
				COPY_PHASE_STRIP = NO;
				DEBUG_INFORMATION_FORMAT = "dwarf-with-dsym";
				ENABLE_NS_ASSERTIONS = NO;
				ENABLE_STRICT_OBJC_MSGSEND = YES;
				GCC_C_LANGUAGE_STANDARD = gnu11;
				GCC_NO_COMMON_BLOCKS = YES;
				GCC_WARN_64_TO_32_BIT_CONVERSION = YES;
				GCC_WARN_ABOUT_RETURN_TYPE = YES_ERROR;
				GCC_WARN_UNDECLARED_SELECTOR = YES;
				GCC_WARN_UNINITIALIZED_AUTOS = YES_AGGRESSIVE;
				GCC_WARN_UNUSED_FUNCTION = YES;
				GCC_WARN_UNUSED_VARIABLE = YES;
				IPHONEOS_DEPLOYMENT_TARGET = 11.0;
				MTL_ENABLE_DEBUG_INFO = NO;
				SDKROOT = iphoneos;
				SWIFT_OPTIMIZATION_LEVEL = "-Owholemodule";
				VALIDATE_PRODUCT = YES;
			};
			name = Release;
		};
		794DFD661FAD688A00390DDC /* Debug */ = {
			isa = XCBuildConfiguration;
			buildSettings = {
				ASSETCATALOG_COMPILER_APPICON_NAME = AppIcon;
				CODE_SIGN_STYLE = Automatic;
				DEVELOPMENT_TEAM = UU3WWUU8M5;
				INFOPLIST_FILE = Hackathon/Info.plist;
				LD_RUNPATH_SEARCH_PATHS = "$(inherited) @executable_path/Frameworks";
				PRODUCT_BUNDLE_IDENTIFIER = com.segundofarina.Hackathon;
				PRODUCT_NAME = "$(TARGET_NAME)";
				SWIFT_VERSION = 4.0;
				TARGETED_DEVICE_FAMILY = "1,2";
			};
			name = Debug;
		};
		794DFD671FAD688A00390DDC /* Release */ = {
			isa = XCBuildConfiguration;
			buildSettings = {
				ASSETCATALOG_COMPILER_APPICON_NAME = AppIcon;
				CODE_SIGN_STYLE = Automatic;
				DEVELOPMENT_TEAM = UU3WWUU8M5;
				INFOPLIST_FILE = Hackathon/Info.plist;
				LD_RUNPATH_SEARCH_PATHS = "$(inherited) @executable_path/Frameworks";
				PRODUCT_BUNDLE_IDENTIFIER = com.segundofarina.Hackathon;
				PRODUCT_NAME = "$(TARGET_NAME)";
				SWIFT_VERSION = 4.0;
				TARGETED_DEVICE_FAMILY = "1,2";
			};
			name = Release;
		};
/* End XCBuildConfiguration section */

/* Begin XCConfigurationList section */
		794DFD4E1FAD688A00390DDC /* Build configuration list for PBXProject "Hackathon" */ = {
			isa = XCConfigurationList;
			buildConfigurations = (
				794DFD631FAD688A00390DDC /* Debug */,
				794DFD641FAD688A00390DDC /* Release */,
			);
			defaultConfigurationIsVisible = 0;
			defaultConfigurationName = Release;
		};
		794DFD651FAD688A00390DDC /* Build configuration list for PBXNativeTarget "Hackathon" */ = {
			isa = XCConfigurationList;
			buildConfigurations = (
				794DFD661FAD688A00390DDC /* Debug */,
				794DFD671FAD688A00390DDC /* Release */,
			);
			defaultConfigurationIsVisible = 0;
			defaultConfigurationName = Release;
		};
/* End XCConfigurationList section */
	};
	rootObject = 794DFD4B1FAD688A00390DDC /* Project object */;
}
